{
  "version": 4,
  "terraform_version": "1.3.7",
  "serial": 23,
  "lineage": "0762443b-0396-bb2f-2265-178bef89ff78",
  "outputs": {
    "excel_extensions": {
      "value": {
        "extension": "xlsx",
        "file_name": "edu",
        "folder_path": "examples/workbook-basic",
        "id": "2d3078ca3fe1413799da0d516cdf621e",
        "last_updated": "Monday, 22-May-23 14:12:10 CEST"
      },
      "type": [
        "object",
        {
          "extension": "string",
          "file_name": "string",
          "folder_path": "string",
          "id": "string",
          "last_updated": "string"
        }
      ]
    }
  },
  "resources": [
    {
      "mode": "data",
      "type": "excel_extensions",
      "name": "edu",
      "provider": "provider[\"deathfireofdoom.com/edu/excel\"]",
      "instances": [
        {
          "schema_version": 0,
          "attributes": {
            "extensions": [
              {
                "extension": "xlsx"
              },
              {
                "extension": "xlsxm"
              },
              {
                "extension": "xls"
              }
            ]
          },
          "sensitive_attributes": []
        }
      ]
    },
    {
      "mode": "managed",
      "type": "excel_workbook",
      "name": "edu",
      "provider": "provider[\"deathfireofdoom.com/edu/excel\"]",
      "instances": [
        {
          "schema_version": 0,
          "attributes": {
            "extension": "xlsx",
            "file_name": "edu",
            "folder_path": "examples/workbook-basic",
            "id": "2d3078ca3fe1413799da0d516cdf621e",
            "last_updated": "Monday, 22-May-23 14:12:10 CEST"
          },
          "sensitive_attributes": []
        }
      ]
    }
  ],
  "check_results": null
}
