{
  "version": 4,
  "terraform_version": "1.3.7",
  "serial": 7,
  "lineage": "05632866-b53d-c027-a4b3-230d5f005cdd",
  "outputs": {
    "excel_extensions": {
      "value": {
        "extension": "xlsx",
        "file_name": "edu",
        "folder_path": "workbooks",
        "id": "2bdcff58d3f249d8b342ec11e8dd21fd",
        "last_updated": "Tuesday, 23-May-23 08:10:51 CEST"
      },
      "type": [
        "object",
        {
          "extension": "string",
          "file_name": "string",
          "folder_path": "string",
          "id": "string",
          "last_updated": "string"
        }
      ]
    }
  },
  "resources": [
    {
      "mode": "data",
      "type": "excel_extensions",
      "name": "edu",
      "provider": "provider[\"deathfireofdoom.com/edu/excel\"]",
      "instances": [
        {
          "schema_version": 0,
          "attributes": {
            "extensions": [
              {
                "extension": "xlsx"
              },
              {
                "extension": "xlsxm"
              },
              {
                "extension": "xls"
              }
            ]
          },
          "sensitive_attributes": []
        }
      ]
    },
    {
      "mode": "managed",
      "type": "excel_sheet",
      "name": "edu",
      "provider": "provider[\"deathfireofdoom.com/edu/excel\"]",
      "instances": [
        {
          "schema_version": 0,
          "attributes": {
            "id": "1f703e4a21d948bcb047ae37e6f5ea6a",
            "last_updated": "Tuesday, 23-May-23 08:12:33 CEST",
            "name": "edu_test",
            "pos": 1,
            "workbook_id": "2bdcff58d3f249d8b342ec11e8dd21fd"
          },
          "sensitive_attributes": [],
          "dependencies": [
            "excel_workbook.edu"
          ]
        }
      ]
    },
    {
      "mode": "managed",
      "type": "excel_workbook",
      "name": "edu",
      "provider": "provider[\"deathfireofdoom.com/edu/excel\"]",
      "instances": [
        {
          "schema_version": 0,
          "attributes": {
            "extension": "xlsx",
            "file_name": "edu",
            "folder_path": "workbooks",
            "id": "2bdcff58d3f249d8b342ec11e8dd21fd",
            "last_updated": "Tuesday, 23-May-23 08:10:51 CEST"
          },
          "sensitive_attributes": []
        }
      ]
    }
  ],
  "check_results": null
}
